
Microsoft Visual Studio Solution File, Format Version 12.00
# Visual Studio Version 17
VisualStudioVersion = 17.2.32526.322
MinimumVisualStudioVersion = 10.0.40219.1
Project("{9A19103F-16F7-4668-BE54-9A1E7A4F7556}") = "TodoApp.Library", "Todo.Library\TodoApp.Library.csproj", "{1FF61708-6969-489D-B21A-5C482CF17E9F}"
EndProject
Project("{9A19103F-16F7-4668-BE54-9A1E7A4F7556}") = "TodoApp.Services", "TodoApp.Services\TodoApp.Services.csproj", "{D7ED4357-4D1F-4F7F-B074-A853ABCF38E5}"
EndProject
Project("{9A19103F-16F7-4668-BE54-9A1E7A4F7556}") = "TodoApp.Tests", "TodoApp.Tests\TodoApp.Tests.csproj", "{EAF157BD-4958-4419-A685-2B1961B888B8}"
EndProject
Project("{FAE04EC0-301F-11D3-BF4B-00C04F79EFBC}") = "TodoApp.UI", "TodoApp.UI\TodoApp.UI.csproj", "{29B3A3B2-4788-400D-BF95-647A03F54553}"
EndProject
Global
	GlobalSection(SolutionConfigurationPlatforms) = preSolution
		Debug|Any CPU = Debug|Any CPU
		Release|Any CPU = Release|Any CPU
	EndGlobalSection
	GlobalSection(ProjectConfigurationPlatforms) = postSolution
		{1FF61708-6969-489D-B21A-5C482CF17E9F}.Debug|Any CPU.ActiveCfg = Debug|Any CPU
		{1FF61708-6969-489D-B21A-5C482CF17E9F}.Debug|Any CPU.Build.0 = Debug|Any CPU
		{1FF61708-6969-489D-B21A-5C482CF17E9F}.Release|Any CPU.ActiveCfg = Release|Any CPU
		{1FF61708-6969-489D-B21A-5C482CF17E9F}.Release|Any CPU.Build.0 = Release|Any CPU
		{D7ED4357-4D1F-4F7F-B074-A853ABCF38E5}.Debug|Any CPU.ActiveCfg = Debug|Any CPU
		{D7ED4357-4D1F-4F7F-B074-A853ABCF38E5}.Debug|Any CPU.Build.0 = Debug|Any CPU
		{D7ED4357-4D1F-4F7F-B074-A853ABCF38E5}.Release|Any CPU.ActiveCfg = Release|Any CPU
		{D7ED4357-4D1F-4F7F-B074-A853ABCF38E5}.Release|Any CPU.Build.0 = Release|Any CPU
		{EAF157BD-4958-4419-A685-2B1961B888B8}.Debug|Any CPU.ActiveCfg = Debug|Any CPU
		{EAF157BD-4958-4419-A685-2B1961B888B8}.Debug|Any CPU.Build.0 = Debug|Any CPU
		{EAF157BD-4958-4419-A685-2B1961B888B8}.Release|Any CPU.ActiveCfg = Release|Any CPU
		{EAF157BD-4958-4419-A685-2B1961B888B8}.Release|Any CPU.Build.0 = Release|Any CPU
		{29B3A3B2-4788-400D-BF95-647A03F54553}.Debug|Any CPU.ActiveCfg = Debug|Any CPU
		{29B3A3B2-4788-400D-BF95-647A03F54553}.Debug|Any CPU.Build.0 = Debug|Any CPU
		{29B3A3B2-4788-400D-BF95-647A03F54553}.Release|Any CPU.ActiveCfg = Release|Any CPU
		{29B3A3B2-4788-400D-BF95-647A03F54553}.Release|Any CPU.Build.0 = Release|Any CPU
	EndGlobalSection
	GlobalSection(SolutionProperties) = preSolution
		HideSolutionNode = FALSE
	EndGlobalSection
	GlobalSection(ExtensibilityGlobals) = postSolution
		SolutionGuid = {0D228993-F049-4C19-9862-96BE3DA215E1}
	EndGlobalSection
EndGlobal
